PODS:
  - GoogleMaps (5.1.0):
    - GoogleMaps/Maps (= 5.1.0)
  - GoogleMaps/Base (5.1.0)
  - GoogleMaps/Maps (5.1.0):
    - GoogleMaps/Base

DEPENDENCIES:
  - GoogleMaps (= 5.1.0)

SPEC REPOS:
  trunk:
    - GoogleMaps

SPEC CHECKSUMS:
  GoogleMaps: 086ae1dab659eaa7339bdb30fc88e2f44e7c597c

PODFILE CHECKSUM: 8b63e66bd04069fa948123408c65f37a5aa6ff78

COCOAPODS: 1.10.0
