{
  "object": {
    "pins": [
      {
        "package": "stawm-sdk-ios",
        "repositoryURL": "https://github.com/FidelityWires/stawm-sdk-ios.git",
        "state": {
          "branch": null,
          "revision": "7a9e3bebb03495a72f7eb43f6e71211651858740",
          "version": "0.8.9"
        }
      }
    ]
  },
  "version": 1
}
