{
  "object": {
    "pins": [
      {
        "package": "stawm-sdk-ios",
        "repositoryURL": "https://github.com/FidelityWires/stawm-sdk-ios.git",
        "state": {
          "branch": null,
          "revision": "e440e5094dbccaedb1f919b9b8f40052b4f83c86",
          "version": "0.8.8"
        }
      }
    ]
  },
  "version": 1
}
